<?xml version="1.0" encoding="utf-8"?>
<Project ToolsVersion="4.0" xmlns="http://schemas.microsoft.com/developer/msbuild/2003">
  <ItemGroup>
    <ClCompile Include="DX3D\Source\DX3D\Core\DebugLogManager.cpp" />
    <ClCompile Include="DX3D\Source\DX3D\UI\BaseUI.cpp" />
    <ClCompile Include="DX3D\Source\DX3D\UI\InspectorUI.cpp" />
    <ClCompile Include="DX3D\Source\DX3D\EventBroadcasting\EventBroadcastManager.cpp" />
    <ClCompile Include="DX3D\Source\DX3D\UI\HierarchyUI.cpp" />
    <ClCompile Include="IMGUI\imgui.cpp" />
    <ClCompile Include="IMGUI\imgui_draw.cpp" />
    <ClCompile Include="IMGUI\imgui_tables.cpp" />
    <ClCompile Include="IMGUI\imgui_widgets.cpp" />
    <ClCompile Include="IMGUI\imgui_impl_dx11.cpp" />
    <ClCompile Include="IMGUI\imgui_impl_win32.cpp" />
    <ClCompile Include="Game\Objects\Camera.cpp" />
    <ClCompile Include="DX3D\Source\DX3D\Component\CameraComponent.cpp" />
    <ClCompile Include="DX3D\Source\DX3D\Component\CubeComponent.cpp" />
    <ClCompile Include="DX3D\Source\DX3D\Game\Component.cpp" />
    <ClCompile Include="DX3D\Source\DX3D\Graphics\RenderSystem\ConstantBuffer\ConstantBuffer.cpp" />
    <ClCompile Include="DX3D\Source\DX3D\Graphics\RenderSystem\DeviceContext\DeviceContext.cpp" />
    <ClCompile Include="DX3D\Source\DX3D\Game\Display.cpp" />
    <ClCompile Include="DX3D\Source\DX3D\Core\Base.cpp" />
    <ClCompile Include="DX3D\Source\DX3D\Game\Game.cpp" />
    <ClCompile Include="DX3D\Source\DX3D\Game\Win32\Win32Game.cpp" />
    <ClCompile Include="DX3D\Source\DX3D\Game\GameObject.cpp" />
    <ClCompile Include="DX3D\Source\DX3D\Game\WorldRenderer.cpp" />
    <ClCompile Include="Game\main.cpp" />
    <ClCompile Include="DX3D\Source\DX3D\Window\Win32\Win32Window.cpp" />
    <ClCompile Include="DX3D\Source\DX3D\Graphics\GraphicsDevice.cpp" />
    <ClCompile Include="DX3D\Source\DX3D\Core\Logger.cpp" />
    <ClCompile Include="DX3D\Source\DX3D\Graphics\RenderSystem\SwapChain\SwapChain.cpp" />
    <ClCompile Include="DX3D\Source\DX3D\Graphics\ShaderBinary.cpp" />
    <ClCompile Include="DX3D\Source\DX3D\Graphics\GraphicsPipelineState.cpp" />
    <ClCompile Include="DX3D\Source\DX3D\Graphics\RenderSystem\VertexBuffer\VertexBuffer.cpp" />
    <ClCompile Include="DX3D\Source\DX3D\Graphics\RenderSystem\IndexBuffer\IndexBuffer.cpp" />
    <ClCompile Include="DX3D\Source\DX3D\Game\World.cpp" />
    <ClCompile Include="Game\MainGame.cpp" />
    <ClCompile Include="DX3D\Source\DX3D\Component\TransformComponent.cpp" />
    <ClCompile Include="DX3D\Source\DX3D\Input\InputSystem.cpp" />
    <ClCompile Include="Game\Objects\Player.cpp" />
    <ClCompile Include="DX3D\Source\DX3D\Component\MeshComponent.cpp" />
    <ClCompile Include="DX3D\Source\DX3D\Graphics\Mesh\Mesh.cpp" />
    <ClCompile Include="DX3D\Source\DX3D\Graphics\Mesh\MeshFactory.cpp" />
    <ClCompile Include="DX3D\Source\DX3D\Resource\ResourceManager.cpp" />
    <ClCompile Include="DX3D\Source\DX3D\Resource\Resource.cpp" />
    <ClCompile Include="DX3D\Source\DX3D\Resource\MaterialResource.cpp" />
    <ClCompile Include="DX3D\Source\DX3D\Graphics\Texture.cpp" />
    <ClCompile Include="DX3D\Source\DX3D\Resource\TextureResource.cpp" />
    <ClCompile Include="DX3D\Source\DX3D\Graphics\GraphicsPipelineLayout.cpp" />
    <ClCompile Include="DX3D\Source\DX3D\Graphics\Sampler.cpp" />
    <ClCompile Include="DX3D\Source\DX3D\Graphics\Rasterizer.cpp" />
    <ClCompile Include="DX3D\Source\DX3D\EventBroadcasting\Parameters.cpp" />
    <ClCompile Include="DX3D\Source\DX3D\UI\MainMenuBarUI.cpp" />
    <ClCompile Include="DX3D\Source\DX3D\UI\SceneViewportUI.cpp" />
    <ClCompile Include="DX3D\Source\DX3D\UI\DebugWindowUI.cpp" />
    <ClCompile Include="DX3D\Source\DX3D\Resource\TextureManager.cpp" />
    <ClCompile Include="DX3D\Source\DX3D\UI\InspectorTabItems\TextureComponentInspectorUIT.cpp" />
    <ClCompile Include="DX3D\Source\DX3D\Component\PhysicsComponent.cpp" />
    <ClCompile Include="DX3D\Source\DX3D\Physics\PhysicsManager.cpp" />
  </ItemGroup>
  <ItemGroup>
    <ClInclude Include="DX3D\Include\DX3D\Core\DebugLogManager.h" />
    <ClInclude Include="DX3D\Include\DX3D\Math\Quaternion.h" />
    <ClInclude Include="DX3D\Include\DX3D\UI\BaseUI.h" />
    <ClInclude Include="DX3D\Include\DX3D\EventBroadcasting\EventNames.h" />
    <ClInclude Include="DX3D\Include\DX3D\UI\InspectorUI.h" />
    <ClInclude Include="DX3D\Include\DX3D\EventBroadcasting\EventBroadcastManager.h" />
    <ClInclude Include="Game\Objects\Camera.h" />
    <ClInclude Include="DX3D\Include\DX3D\Component\CameraComponent.h" />
    <ClInclude Include="DX3D\Include\DX3D\Component\CubeComponent.h" />
    <ClInclude Include="DX3D\Include\DX3D\Game\Component.h" />
    <ClInclude Include="DX3D\Include\DX3D\Core\Identifiable.h" />
    <ClInclude Include="DX3D\Include\DX3D\Math\Mat4x4.h" />
    <ClInclude Include="DX3D\Include\DX3D\Math\MathUtils.h" />
    <ClInclude Include="DX3D\Include\DX3D\Math\Vec2.h" />
    <ClInclude Include="DX3D\Source\DX3D\Graphics\RenderSystem\ConstantBuffer\ConstantBuffer.h" />
    <ClInclude Include="DX3D\Include\DX3D\Math\Vec3.h" />
    <ClInclude Include="DX3D\Include\DX3D\Math\Vec4.h" />
    <ClInclude Include="DX3D\Source\DX3D\Graphics\RenderSystem\DeviceContext\DeviceContext.h" />
    <ClInclude Include="DX3D\Include\DX3D\Game\Display.h" />
    <ClInclude Include="DX3D\Include\DX3D\All.h" />
    <ClInclude Include="DX3D\Include\DX3D\Core\Base.h" />
    <ClInclude Include="DX3D\Include\DX3D\Core\Common.h" />
    <ClInclude Include="DX3D\Include\DX3D\Core\Core.h" />
    <ClInclude Include="DX3D\Include\DX3D\Math\Rect.h" />
    <ClInclude Include="DX3D\Include\DX3D\Window\Window.h" />
    <ClInclude Include="DX3D\Include\DX3D\Game\Game.h" />
    <ClInclude Include="DX3D\Source\DX3D\Graphics\GraphicsDevice.h" />
    <ClInclude Include="DX3D\Include\DX3D\Core\Logger.h" />
    <ClInclude Include="DX3D\Source\DX3D\Game\WorldRenderer.h" />
    <ClInclude Include="DX3D\Source\DX3D\Graphics\GraphicsLogUtils.h" />
    <ClInclude Include="DX3D\Source\DX3D\Graphics\GraphicsUtils.h" />
    <ClInclude Include="DX3D\Source\DX3D\Graphics\RenderSystem\SwapChain\SwapChain.h" />
    <ClInclude Include="DX3D\Source\DX3D\Graphics\GraphicsResource.h" />
    <ClInclude Include="DX3D\Source\DX3D\Graphics\ShaderBinary.h" />
    <ClInclude Include="DX3D\Source\DX3D\Graphics\GraphicsPipelineState.h" />
    <ClInclude Include="DX3D\Source\DX3D\Graphics\RenderSystem\VertexBuffer\VertexBuffer.h" />
    <ClInclude Include="DX3D\Source\DX3D\Graphics\ShaderInclude.h" />
    <ClInclude Include="DX3D\Source\DX3D\Graphics\RenderSystem\IndexBuffer\IndexBuffer.h" />
    <ClInclude Include="DX3D\Include\DX3D\Game\World.h" />
    <ClInclude Include="DX3D\Include\DX3D\Game\GameObject.h" />
    <ClInclude Include="DX3D\Vendor\stb-image\include\stb-image\stb_image.h" />
    <ClInclude Include="Game\MainGame.h" />
    <ClInclude Include="DX3D\Include\DX3D\Component\TransformComponent.h" />
    <ClInclude Include="DX3D\Include\DX3D\Input\InputSystem.h" />
    <ClInclude Include="Game\Objects\Player.h" />
    <ClInclude Include="DX3D\Include\DX3D\Component\MeshComponent.h" />
    <ClInclude Include="DX3D\Source\DX3D\Graphics\Mesh\Mesh.h" />
    <ClInclude Include="DX3D\Source\DX3D\Graphics\Mesh\MeshFactory.h" />
    <ClInclude Include="DX3D\Include\DX3D\Resource\ResourceManager.h" />
    <ClInclude Include="DX3D\Include\DX3D\Resource\Resource.h" />
    <ClInclude Include="DX3D\Include\DX3D\Resource\MaterialResource.h" />
    <ClInclude Include="DX3D\Source\DX3D\Graphics\Texture.h" />
    <ClInclude Include="DX3D\Include\DX3D\Resource\TextureResource.h" />
    <ClInclude Include="DX3D\Source\DX3D\Graphics\GraphicsPipelineLayout.h" />
    <ClInclude Include="DX3D\Source\DX3D\Graphics\Sampler.h" />
    <ClInclude Include="DX3D\Source\DX3D\Graphics\Rasterizer.h" />
    <ClInclude Include="DX3D\Include\DX3D\EventBroadcasting\Parameters.h" />
    <ClInclude Include="DX3D\Include\DX3D\UI\MainMenuBarUI.h" />
    <ClInclude Include="DX3D\Include\DX3D\UI\HierarchyUI.h" />
    <ClInclude Include="DX3D\Include\DX3D\UI\SceneViewportUI.h" />
    <ClInclude Include="DX3D\Include\DX3D\UI\DebugWindowUI.h" />
    <ClInclude Include="DX3D\Include\DX3D\Resource\TextureManager.h" />
    <ClInclude Include="DX3D\Include\DX3D\UI\InspectorTabItems\TextureComponentInspectorUIT.h" />
    <ClInclude Include="DX3D\Include\DX3D\Component\PhysicsComponent.h" />
    <ClInclude Include="DX3D\Include\DX3D\Physics\PhysicsManager.h" />
  </ItemGroup>
  <ItemGroup>
    <None Include="ClassDiagram.cd" />
    <None Include="DX3D\Configs\shadertoolsconfig.json" />
  </ItemGroup>
</Project>